{
  "name": "amusing-npm-practice",
  "version": "1.0.0",
  "lockfileVersion": 1,
  "requires": true,
  "dependencies": {
    "css-what": {
      "version": "3.2.0",
      "resolved": "https://registry.npmjs.org/css-what/-/css-what-3.2.0.tgz",
      "integrity": "sha512-lukqnlbswsPmDZ5+ViDBCcrk+1fyPBA+ZoHSAQhRuEeXBKUb3Lj2kcTwMqoiFrJAnEeO9u3Oc8X617SUm3apYQ=="
    }
  }
}
